
Microsoft Visual Studio Solution File, Format Version 12.00
# Visual Studio Version 16
VisualStudioVersion = 16.0.810.20
MinimumVisualStudioVersion = 10.0.40219.1
Project("{FAE04EC0-301F-11D3-BF4B-00C04F79EFBC}") = "lab_2_zadanie", "lab_2_zadanie.csproj", "{EA691718-F2E2-4E48-807F-34F57C6CB805}"
EndProject
Global
	GlobalSection(SolutionConfigurationPlatforms) = preSolution
		Debug|Any CPU = Debug|Any CPU
		Release|Any CPU = Release|Any CPU
	EndGlobalSection
	GlobalSection(ProjectConfigurationPlatforms) = postSolution
		{EA691718-F2E2-4E48-807F-34F57C6CB805}.Debug|Any CPU.ActiveCfg = Debug|Any CPU
		{EA691718-F2E2-4E48-807F-34F57C6CB805}.Debug|Any CPU.Build.0 = Debug|Any CPU
		{EA691718-F2E2-4E48-807F-34F57C6CB805}.Release|Any CPU.ActiveCfg = Release|Any CPU
		{EA691718-F2E2-4E48-807F-34F57C6CB805}.Release|Any CPU.Build.0 = Release|Any CPU
	EndGlobalSection
	GlobalSection(SolutionProperties) = preSolution
		HideSolutionNode = FALSE
	EndGlobalSection
	GlobalSection(ExtensibilityGlobals) = postSolution
		SolutionGuid = {D272AB48-F392-4C16-8AD0-D8EF35922D31}
	EndGlobalSection
EndGlobal
