
Microsoft Visual Studio Solution File, Format Version 12.00
# Visual Studio Version 16
VisualStudioVersion = 16.0.31729.503
MinimumVisualStudioVersion = 10.0.40219.1
Project("{FAE04EC0-301F-11D3-BF4B-00C04F79EFBC}") = "ProjektProgObiekt", "ProjektProgObiekt\ProjektProgObiekt.csproj", "{E980D38F-E238-4DDC-81A0-7C45E22F803A}"
EndProject
Global
	GlobalSection(SolutionConfigurationPlatforms) = preSolution
		Debug|Any CPU = Debug|Any CPU
		Release|Any CPU = Release|Any CPU
	EndGlobalSection
	GlobalSection(ProjectConfigurationPlatforms) = postSolution
		{E980D38F-E238-4DDC-81A0-7C45E22F803A}.Debug|Any CPU.ActiveCfg = Debug|Any CPU
		{E980D38F-E238-4DDC-81A0-7C45E22F803A}.Debug|Any CPU.Build.0 = Debug|Any CPU
		{E980D38F-E238-4DDC-81A0-7C45E22F803A}.Release|Any CPU.ActiveCfg = Release|Any CPU
		{E980D38F-E238-4DDC-81A0-7C45E22F803A}.Release|Any CPU.Build.0 = Release|Any CPU
	EndGlobalSection
	GlobalSection(SolutionProperties) = preSolution
		HideSolutionNode = FALSE
	EndGlobalSection
	GlobalSection(ExtensibilityGlobals) = postSolution
		SolutionGuid = {44D02CCC-9C45-4E9A-972A-AB69F3EFD250}
	EndGlobalSection
EndGlobal
